
Microsoft Visual Studio Solution File, Format Version 12.00
# Visual Studio Version 17
VisualStudioVersion = 17.4.33213.308
MinimumVisualStudioVersion = 10.0.40219.1
Project("{FAE04EC0-301F-11D3-BF4B-00C04F79EFBC}") = "vowel", "vowel\vowel.csproj", "{0539FFF2-B277-46D6-AFF5-71D507AF3390}"
EndProject
Global
	GlobalSection(SolutionConfigurationPlatforms) = preSolution
		Debug|Any CPU = Debug|Any CPU
		Release|Any CPU = Release|Any CPU
	EndGlobalSection
	GlobalSection(ProjectConfigurationPlatforms) = postSolution
		{0539FFF2-B277-46D6-AFF5-71D507AF3390}.Debug|Any CPU.ActiveCfg = Debug|Any CPU
		{0539FFF2-B277-46D6-AFF5-71D507AF3390}.Debug|Any CPU.Build.0 = Debug|Any CPU
		{0539FFF2-B277-46D6-AFF5-71D507AF3390}.Release|Any CPU.ActiveCfg = Release|Any CPU
		{0539FFF2-B277-46D6-AFF5-71D507AF3390}.Release|Any CPU.Build.0 = Release|Any CPU
	EndGlobalSection
	GlobalSection(SolutionProperties) = preSolution
		HideSolutionNode = FALSE
	EndGlobalSection
	GlobalSection(ExtensibilityGlobals) = postSolution
		SolutionGuid = {E06939BF-28A1-4599-9479-4807E7B77C42}
	EndGlobalSection
EndGlobal
