
Microsoft Visual Studio Solution File, Format Version 12.00
# Visual Studio Version 17
VisualStudioVersion = 17.4.33213.308
MinimumVisualStudioVersion = 10.0.40219.1
Project("{FAE04EC0-301F-11D3-BF4B-00C04F79EFBC}") = "factorial", "factorial\factorial.csproj", "{0EE3B7D2-AB29-4C10-B9F4-F7D70585EB46}"
EndProject
Global
	GlobalSection(SolutionConfigurationPlatforms) = preSolution
		Debug|Any CPU = Debug|Any CPU
		Release|Any CPU = Release|Any CPU
	EndGlobalSection
	GlobalSection(ProjectConfigurationPlatforms) = postSolution
		{0EE3B7D2-AB29-4C10-B9F4-F7D70585EB46}.Debug|Any CPU.ActiveCfg = Debug|Any CPU
		{0EE3B7D2-AB29-4C10-B9F4-F7D70585EB46}.Debug|Any CPU.Build.0 = Debug|Any CPU
		{0EE3B7D2-AB29-4C10-B9F4-F7D70585EB46}.Release|Any CPU.ActiveCfg = Release|Any CPU
		{0EE3B7D2-AB29-4C10-B9F4-F7D70585EB46}.Release|Any CPU.Build.0 = Release|Any CPU
	EndGlobalSection
	GlobalSection(SolutionProperties) = preSolution
		HideSolutionNode = FALSE
	EndGlobalSection
	GlobalSection(ExtensibilityGlobals) = postSolution
		SolutionGuid = {1899F97E-AF42-4340-BE4F-7D051A28ED87}
	EndGlobalSection
EndGlobal
