
Microsoft Visual Studio Solution File, Format Version 12.00
# Visual Studio Version 17
VisualStudioVersion = 17.4.33213.308
MinimumVisualStudioVersion = 10.0.40219.1
Project("{FAE04EC0-301F-11D3-BF4B-00C04F79EFBC}") = "largestnumber", "largestnumber\largestnumber.csproj", "{6C265FFF-85E4-4D77-95FE-C536E67CB80A}"
EndProject
Global
	GlobalSection(SolutionConfigurationPlatforms) = preSolution
		Debug|Any CPU = Debug|Any CPU
		Release|Any CPU = Release|Any CPU
	EndGlobalSection
	GlobalSection(ProjectConfigurationPlatforms) = postSolution
		{6C265FFF-85E4-4D77-95FE-C536E67CB80A}.Debug|Any CPU.ActiveCfg = Debug|Any CPU
		{6C265FFF-85E4-4D77-95FE-C536E67CB80A}.Debug|Any CPU.Build.0 = Debug|Any CPU
		{6C265FFF-85E4-4D77-95FE-C536E67CB80A}.Release|Any CPU.ActiveCfg = Release|Any CPU
		{6C265FFF-85E4-4D77-95FE-C536E67CB80A}.Release|Any CPU.Build.0 = Release|Any CPU
	EndGlobalSection
	GlobalSection(SolutionProperties) = preSolution
		HideSolutionNode = FALSE
	EndGlobalSection
	GlobalSection(ExtensibilityGlobals) = postSolution
		SolutionGuid = {B0BAF508-BC4A-4C00-BC0E-116D894413D7}
	EndGlobalSection
EndGlobal
