
Microsoft Visual Studio Solution File, Format Version 12.00
# Visual Studio Version 17
VisualStudioVersion = 17.4.33213.308
MinimumVisualStudioVersion = 10.0.40219.1
Project("{FAE04EC0-301F-11D3-BF4B-00C04F79EFBC}") = "swaptwonumbers", "swaptwonumbers\swaptwonumbers.csproj", "{81C670DB-6D9E-4DC7-B3AF-9D6D73BA7CFE}"
EndProject
Global
	GlobalSection(SolutionConfigurationPlatforms) = preSolution
		Debug|Any CPU = Debug|Any CPU
		Release|Any CPU = Release|Any CPU
	EndGlobalSection
	GlobalSection(ProjectConfigurationPlatforms) = postSolution
		{81C670DB-6D9E-4DC7-B3AF-9D6D73BA7CFE}.Debug|Any CPU.ActiveCfg = Debug|Any CPU
		{81C670DB-6D9E-4DC7-B3AF-9D6D73BA7CFE}.Debug|Any CPU.Build.0 = Debug|Any CPU
		{81C670DB-6D9E-4DC7-B3AF-9D6D73BA7CFE}.Release|Any CPU.ActiveCfg = Release|Any CPU
		{81C670DB-6D9E-4DC7-B3AF-9D6D73BA7CFE}.Release|Any CPU.Build.0 = Release|Any CPU
	EndGlobalSection
	GlobalSection(SolutionProperties) = preSolution
		HideSolutionNode = FALSE
	EndGlobalSection
	GlobalSection(ExtensibilityGlobals) = postSolution
		SolutionGuid = {23F016BC-DD0A-4E7F-8042-BB4D0B986AB4}
	EndGlobalSection
EndGlobal
