
Microsoft Visual Studio Solution File, Format Version 12.00
# Visual Studio Version 17
VisualStudioVersion = 17.4.33213.308
MinimumVisualStudioVersion = 10.0.40219.1
Project("{FAE04EC0-301F-11D3-BF4B-00C04F79EFBC}") = "compute", "compute\compute.csproj", "{A2123CE6-BAAC-4BF3-BFEF-7609C88575FF}"
EndProject
Global
	GlobalSection(SolutionConfigurationPlatforms) = preSolution
		Debug|Any CPU = Debug|Any CPU
		Release|Any CPU = Release|Any CPU
	EndGlobalSection
	GlobalSection(ProjectConfigurationPlatforms) = postSolution
		{A2123CE6-BAAC-4BF3-BFEF-7609C88575FF}.Debug|Any CPU.ActiveCfg = Debug|Any CPU
		{A2123CE6-BAAC-4BF3-BFEF-7609C88575FF}.Debug|Any CPU.Build.0 = Debug|Any CPU
		{A2123CE6-BAAC-4BF3-BFEF-7609C88575FF}.Release|Any CPU.ActiveCfg = Release|Any CPU
		{A2123CE6-BAAC-4BF3-BFEF-7609C88575FF}.Release|Any CPU.Build.0 = Release|Any CPU
	EndGlobalSection
	GlobalSection(SolutionProperties) = preSolution
		HideSolutionNode = FALSE
	EndGlobalSection
	GlobalSection(ExtensibilityGlobals) = postSolution
		SolutionGuid = {129799BA-49ED-4084-A734-E1BD71C38061}
	EndGlobalSection
EndGlobal
